// !$*UTF8*$!
{
	archiveVersion = 1;
	classes = {
	};
	objectVersion = 46;
	objects = {

/* Begin PBXBuildFile section */
		0115BFCA1A85C56500DDF201 /* main.m in Sources */ = {isa = PBXBuildFile; fileRef = 0115BFC91A85C56500DDF201 /* main.m */; };
		0115BFCD1A85C56500DDF201 /* AppDelegate.m in Sources */ = {isa = PBXBuildFile; fileRef = 0115BFCC1A85C56500DDF201 /* AppDelegate.m */; };
		0115BFD01A85C56500DDF201 /* Factera.xcdatamodeld in Sources */ = {isa = PBXBuildFile; fileRef = 0115BFCE1A85C56500DDF201 /* Factera.xcdatamodeld */; };
		0115BFD31A85C56500DDF201 /* MasterViewController.m in Sources */ = {isa = PBXBuildFile; fileRef = 0115BFD21A85C56500DDF201 /* MasterViewController.m */; };
		0115BFD61A85C56500DDF201 /* DetailViewController.m in Sources */ = {isa = PBXBuildFile; fileRef = 0115BFD51A85C56500DDF201 /* DetailViewController.m */; };
		0115BFD91A85C56500DDF201 /* Main.storyboard in Resources */ = {isa = PBXBuildFile; fileRef = 0115BFD71A85C56500DDF201 /* Main.storyboard */; };
		0115BFDB1A85C56500DDF201 /* Images.xcassets in Resources */ = {isa = PBXBuildFile; fileRef = 0115BFDA1A85C56500DDF201 /* Images.xcassets */; };
		0115BFDE1A85C56500DDF201 /* LaunchScreen.xib in Resources */ = {isa = PBXBuildFile; fileRef = 0115BFDC1A85C56500DDF201 /* LaunchScreen.xib */; };
		0115BFEA1A85C56500DDF201 /* FacteraTests.m in Sources */ = {isa = PBXBuildFile; fileRef = 0115BFE91A85C56500DDF201 /* FacteraTests.m */; };
/* End PBXBuildFile section */

/* Begin PBXContainerItemProxy section */
		0115BFE41A85C56500DDF201 /* PBXContainerItemProxy */ = {
			isa = PBXContainerItemProxy;
			containerPortal = 0115BFBC1A85C56500DDF201 /* Project object */;
			proxyType = 1;
			remoteGlobalIDString = 0115BFC31A85C56500DDF201;
			remoteInfo = Factera;
		};
/* End PBXContainerItemProxy section */

/* Begin PBXFileReference section */
		0115BFC41A85C56500DDF201 /* Factera.app */ = {isa = PBXFileReference; explicitFileType = wrapper.application; includeInIndex = 0; path = Factera.app; sourceTree = BUILT_PRODUCTS_DIR; };
		0115BFC81A85C56500DDF201 /* Info.plist */ = {isa = PBXFileReference; lastKnownFileType = text.plist.xml; path = Info.plist; sourceTree = "<group>"; };
		0115BFC91A85C56500DDF201 /* main.m */ = {isa = PBXFileReference; lastKnownFileType = sourcecode.c.objc; path = main.m; sourceTree = "<group>"; };
		0115BFCB1A85C56500DDF201 /* AppDelegate.h */ = {isa = PBXFileReference; lastKnownFileType = sourcecode.c.h; path = AppDelegate.h; sourceTree = "<group>"; };
		0115BFCC1A85C56500DDF201 /* AppDelegate.m */ = {isa = PBXFileReference; lastKnownFileType = sourcecode.c.objc; path = AppDelegate.m; sourceTree = "<group>"; };
		0115BFCF1A85C56500DDF201 /* Factera.xcdatamodel */ = {isa = PBXFileReference; lastKnownFileType = wrapper.xcdatamodel; path = Factera.xcdatamodel; sourceTree = "<group>"; };
		0115BFD11A85C56500DDF201 /* MasterViewController.h */ = {isa = PBXFileReference; lastKnownFileType = sourcecode.c.h; path = MasterViewController.h; sourceTree = "<group>"; };
		0115BFD21A85C56500DDF201 /* MasterViewController.m */ = {isa = PBXFileReference; lastKnownFileType = sourcecode.c.objc; path = MasterViewController.m; sourceTree = "<group>"; };
		0115BFD41A85C56500DDF201 /* DetailViewController.h */ = {isa = PBXFileReference; lastKnownFileType = sourcecode.c.h; path = DetailViewController.h; sourceTree = "<group>"; };
		0115BFD51A85C56500DDF201 /* DetailViewController.m */ = {isa = PBXFileReference; lastKnownFileType = sourcecode.c.objc; path = DetailViewController.m; sourceTree = "<group>"; };
		0115BFD81A85C56500DDF201 /* Base */ = {isa = PBXFileReference; lastKnownFileType = file.storyboard; name = Base; path = Base.lproj/Main.storyboard; sourceTree = "<group>"; };
		0115BFDA1A85C56500DDF201 /* Images.xcassets */ = {isa = PBXFileReference; lastKnownFileType = folder.assetcatalog; path = Images.xcassets; sourceTree = "<group>"; };
		0115BFDD1A85C56500DDF201 /* Base */ = {isa = PBXFileReference; lastKnownFileType = file.xib; name = Base; path = Base.lproj/LaunchScreen.xib; sourceTree = "<group>"; };
		0115BFE31A85C56500DDF201 /* FacteraTests.xctest */ = {isa = PBXFileReference; explicitFileType = wrapper.cfbundle; includeInIndex = 0; path = FacteraTests.xctest; sourceTree = BUILT_PRODUCTS_DIR; };
		0115BFE81A85C56500DDF201 /* Info.plist */ = {isa = PBXFileReference; lastKnownFileType = text.plist.xml; path = Info.plist; sourceTree = "<group>"; };
		0115BFE91A85C56500DDF201 /* FacteraTests.m */ = {isa = PBXFileReference; lastKnownFileType = sourcecode.c.objc; path = FacteraTests.m; sourceTree = "<group>"; };
/* End PBXFileReference section */

/* Begin PBXFrameworksBuildPhase section */
		0115BFC11A85C56500DDF201 /* Frameworks */ = {
			isa = PBXFrameworksBuildPhase;
			buildActionMask = 2147483647;
			files = (
			);
			runOnlyForDeploymentPostprocessing = 0;
		};
		0115BFE01A85C56500DDF201 /* Frameworks */ = {
			isa = PBXFrameworksBuildPhase;
			buildActionMask = 2147483647;
			files = (
			);
			runOnlyForDeploymentPostprocessing = 0;
		};
/* End PBXFrameworksBuildPhase section */

/* Begin PBXGroup section */
		0115BFBB1A85C56500DDF201 = {
			isa = PBXGroup;
			children = (
				0115BFC61A85C56500DDF201 /* Factera */,
				0115BFE61A85C56500DDF201 /* FacteraTests */,
				0115BFC51A85C56500DDF201 /* Products */,
			);
			sourceTree = "<group>";
		};
		0115BFC51A85C56500DDF201 /* Products */ = {
			isa = PBXGroup;
			children = (
				0115BFC41A85C56500DDF201 /* Factera.app */,
				0115BFE31A85C56500DDF201 /* FacteraTests.xctest */,
			);
			name = Products;
			sourceTree = "<group>";
		};
		0115BFC61A85C56500DDF201 /* Factera */ = {
			isa = PBXGroup;
			children = (
				0115BFCB1A85C56500DDF201 /* AppDelegate.h */,
				0115BFCC1A85C56500DDF201 /* AppDelegate.m */,
				0115BFD11A85C56500DDF201 /* MasterViewController.h */,
				0115BFD21A85C56500DDF201 /* MasterViewController.m */,
				0115BFD41A85C56500DDF201 /* DetailViewController.h */,
				0115BFD51A85C56500DDF201 /* DetailViewController.m */,
				0115BFD71A85C56500DDF201 /* Main.storyboard */,
				0115BFDA1A85C56500DDF201 /* Images.xcassets */,
				0115BFDC1A85C56500DDF201 /* LaunchScreen.xib */,
				0115BFCE1A85C56500DDF201 /* Factera.xcdatamodeld */,
				0115BFC71A85C56500DDF201 /* Supporting Files */,
			);
			path = Factera;
			sourceTree = "<group>";
		};
		0115BFC71A85C56500DDF201 /* Supporting Files */ = {
			isa = PBXGroup;
			children = (
				0115BFC81A85C56500DDF201 /* Info.plist */,
				0115BFC91A85C56500DDF201 /* main.m */,
			);
			name = "Supporting Files";
			sourceTree = "<group>";
		};
		0115BFE61A85C56500DDF201 /* FacteraTests */ = {
			isa = PBXGroup;
			children = (
				0115BFE91A85C56500DDF201 /* FacteraTests.m */,
				0115BFE71A85C56500DDF201 /* Supporting Files */,
			);
			path = FacteraTests;
			sourceTree = "<group>";
		};
		0115BFE71A85C56500DDF201 /* Supporting Files */ = {
			isa = PBXGroup;
			children = (
				0115BFE81A85C56500DDF201 /* Info.plist */,
			);
			name = "Supporting Files";
			sourceTree = "<group>";
		};
/* End PBXGroup section */

/* Begin PBXNativeTarget section */
		0115BFC31A85C56500DDF201 /* Factera */ = {
			isa = PBXNativeTarget;
			buildConfigurationList = 0115BFED1A85C56500DDF201 /* Build configuration list for PBXNativeTarget "Factera" */;
			buildPhases = (
				0115BFC01A85C56500DDF201 /* Sources */,
				0115BFC11A85C56500DDF201 /* Frameworks */,
				0115BFC21A85C56500DDF201 /* Resources */,
			);
			buildRules = (
			);
			dependencies = (
			);
			name = Factera;
			productName = Factera;
			productReference = 0115BFC41A85C56500DDF201 /* Factera.app */;
			productType = "com.apple.product-type.application";
		};
		0115BFE21A85C56500DDF201 /* FacteraTests */ = {
			isa = PBXNativeTarget;
			buildConfigurationList = 0115BFF01A85C56500DDF201 /* Build configuration list for PBXNativeTarget "FacteraTests" */;
			buildPhases = (
				0115BFDF1A85C56500DDF201 /* Sources */,
				0115BFE01A85C56500DDF201 /* Frameworks */,
				0115BFE11A85C56500DDF201 /* Resources */,
			);
			buildRules = (
			);
			dependencies = (
				0115BFE51A85C56500DDF201 /* PBXTargetDependency */,
			);
			name = FacteraTests;
			productName = FacteraTests;
			productReference = 0115BFE31A85C56500DDF201 /* FacteraTests.xctest */;
			productType = "com.apple.product-type.bundle.unit-test";
		};
/* End PBXNativeTarget section */

/* Begin PBXProject section */
		0115BFBC1A85C56500DDF201 /* Project object */ = {
			isa = PBXProject;
			attributes = {
				LastUpgradeCheck = 0610;
				ORGANIZATIONNAME = "Nick Dawson";
				TargetAttributes = {
					0115BFC31A85C56500DDF201 = {
						CreatedOnToolsVersion = 6.1.1;
					};
					0115BFE21A85C56500DDF201 = {
						CreatedOnToolsVersion = 6.1.1;
						TestTargetID = 0115BFC31A85C56500DDF201;
					};
				};
			};
			buildConfigurationList = 0115BFBF1A85C56500DDF201 /* Build configuration list for PBXProject "Factera" */;
			compatibilityVersion = "Xcode 3.2";
			developmentRegion = English;
			hasScannedForEncodings = 0;
			knownRegions = (
				en,
				Base,
			);
			mainGroup = 0115BFBB1A85C56500DDF201;
			productRefGroup = 0115BFC51A85C56500DDF201 /* Products */;
			projectDirPath = "";
			projectRoot = "";
			targets = (
				0115BFC31A85C56500DDF201 /* Factera */,
				0115BFE21A85C56500DDF201 /* FacteraTests */,
			);
		};
/* End PBXProject section */

/* Begin PBXResourcesBuildPhase section */
		0115BFC21A85C56500DDF201 /* Resources */ = {
			isa = PBXResourcesBuildPhase;
			buildActionMask = 2147483647;
			files = (
				0115BFD91A85C56500DDF201 /* Main.storyboard in Resources */,
				0115BFDE1A85C56500DDF201 /* LaunchScreen.xib in Resources */,
				0115BFDB1A85C56500DDF201 /* Images.xcassets in Resources */,
			);
			runOnlyForDeploymentPostprocessing = 0;
		};
		0115BFE11A85C56500DDF201 /* Resources */ = {
			isa = PBXResourcesBuildPhase;
			buildActionMask = 2147483647;
			files = (
			);
			runOnlyForDeploymentPostprocessing = 0;
		};
/* End PBXResourcesBuildPhase section */

/* Begin PBXSourcesBuildPhase section */
		0115BFC01A85C56500DDF201 /* Sources */ = {
			isa = PBXSourcesBuildPhase;
			buildActionMask = 2147483647;
			files = (
				0115BFD61A85C56500DDF201 /* DetailViewController.m in Sources */,
				0115BFD31A85C56500DDF201 /* MasterViewController.m in Sources */,
				0115BFCD1A85C56500DDF201 /* AppDelegate.m in Sources */,
				0115BFD01A85C56500DDF201 /* Factera.xcdatamodeld in Sources */,
				0115BFCA1A85C56500DDF201 /* main.m in Sources */,
			);
			runOnlyForDeploymentPostprocessing = 0;
		};
		0115BFDF1A85C56500DDF201 /* Sources */ = {
			isa = PBXSourcesBuildPhase;
			buildActionMask = 2147483647;
			files = (
				0115BFEA1A85C56500DDF201 /* FacteraTests.m in Sources */,
			);
			runOnlyForDeploymentPostprocessing = 0;
		};
/* End PBXSourcesBuildPhase section */

/* Begin PBXTargetDependency section */
		0115BFE51A85C56500DDF201 /* PBXTargetDependency */ = {
			isa = PBXTargetDependency;
			target = 0115BFC31A85C56500DDF201 /* Factera */;
			targetProxy = 0115BFE41A85C56500DDF201 /* PBXContainerItemProxy */;
		};
/* End PBXTargetDependency section */

/* Begin PBXVariantGroup section */
		0115BFD71A85C56500DDF201 /* Main.storyboard */ = {
			isa = PBXVariantGroup;
			children = (
				0115BFD81A85C56500DDF201 /* Base */,
			);
			name = Main.storyboard;
			sourceTree = "<group>";
		};
		0115BFDC1A85C56500DDF201 /* LaunchScreen.xib */ = {
			isa = PBXVariantGroup;
			children = (
				0115BFDD1A85C56500DDF201 /* Base */,
			);
			name = LaunchScreen.xib;
			sourceTree = "<group>";
		};
/* End PBXVariantGroup section */

/* Begin XCBuildConfiguration section */
		0115BFEB1A85C56500DDF201 /* Debug */ = {
			isa = XCBuildConfiguration;
			buildSettings = {
				ALWAYS_SEARCH_USER_PATHS = NO;
				CLANG_CXX_LANGUAGE_STANDARD = "gnu++0x";
				CLANG_CXX_LIBRARY = "libc++";
				CLANG_ENABLE_MODULES = YES;
				CLANG_ENABLE_OBJC_ARC = YES;
				CLANG_WARN_BOOL_CONVERSION = YES;
				CLANG_WARN_CONSTANT_CONVERSION = YES;
				CLANG_WARN_DIRECT_OBJC_ISA_USAGE = YES_ERROR;
				CLANG_WARN_EMPTY_BODY = YES;
				CLANG_WARN_ENUM_CONVERSION = YES;
				CLANG_WARN_INT_CONVERSION = YES;
				CLANG_WARN_OBJC_ROOT_CLASS = YES_ERROR;
				CLANG_WARN_UNREACHABLE_CODE = YES;
				CLANG_WARN__DUPLICATE_METHOD_MATCH = YES;
				"CODE_SIGN_IDENTITY[sdk=iphoneos*]" = "iPhone Developer";
				COPY_PHASE_STRIP = NO;
				ENABLE_STRICT_OBJC_MSGSEND = YES;
				GCC_C_LANGUAGE_STANDARD = gnu99;
				GCC_DYNAMIC_NO_PIC = NO;
				GCC_OPTIMIZATION_LEVEL = 0;
				GCC_PREPROCESSOR_DEFINITIONS = (
					"DEBUG=1",
					"$(inherited)",
				);
				GCC_SYMBOLS_PRIVATE_EXTERN = NO;
				GCC_WARN_64_TO_32_BIT_CONVERSION = YES;
				GCC_WARN_ABOUT_RETURN_TYPE = YES_ERROR;
				GCC_WARN_UNDECLARED_SELECTOR = YES;
				GCC_WARN_UNINITIALIZED_AUTOS = YES_AGGRESSIVE;
				GCC_WARN_UNUSED_FUNCTION = YES;
				GCC_WARN_UNUSED_VARIABLE = YES;
				IPHONEOS_DEPLOYMENT_TARGET = 8.1;
				MTL_ENABLE_DEBUG_INFO = YES;
				ONLY_ACTIVE_ARCH = YES;
				SDKROOT = iphoneos;
				TARGETED_DEVICE_FAMILY = "1,2";
			};
			name = Debug;
		};
		0115BFEC1A85C56500DDF201 /* Release */ = {
			isa = XCBuildConfiguration;
			buildSettings = {
				ALWAYS_SEARCH_USER_PATHS = NO;
				CLANG_CXX_LANGUAGE_STANDARD = "gnu++0x";
				CLANG_CXX_LIBRARY = "libc++";
				CLANG_ENABLE_MODULES = YES;
				CLANG_ENABLE_OBJC_ARC = YES;
				CLANG_WARN_BOOL_CONVERSION = YES;
				CLANG_WARN_CONSTANT_CONVERSION = YES;
				CLANG_WARN_DIRECT_OBJC_ISA_USAGE = YES_ERROR;
				CLANG_WARN_EMPTY_BODY = YES;
				CLANG_WARN_ENUM_CONVERSION = YES;
				CLANG_WARN_INT_CONVERSION = YES;
				CLANG_WARN_OBJC_ROOT_CLASS = YES_ERROR;
				CLANG_WARN_UNREACHABLE_CODE = YES;
				CLANG_WARN__DUPLICATE_METHOD_MATCH = YES;
				"CODE_SIGN_IDENTITY[sdk=iphoneos*]" = "iPhone Developer";
				COPY_PHASE_STRIP = YES;
				ENABLE_NS_ASSERTIONS = NO;
				ENABLE_STRICT_OBJC_MSGSEND = YES;
				GCC_C_LANGUAGE_STANDARD = gnu99;
				GCC_WARN_64_TO_32_BIT_CONVERSION = YES;
				GCC_WARN_ABOUT_RETURN_TYPE = YES_ERROR;
				GCC_WARN_UNDECLARED_SELECTOR = YES;
				GCC_WARN_UNINITIALIZED_AUTOS = YES_AGGRESSIVE;
				GCC_WARN_UNUSED_FUNCTION = YES;
				GCC_WARN_UNUSED_VARIABLE = YES;
				IPHONEOS_DEPLOYMENT_TARGET = 8.1;
				MTL_ENABLE_DEBUG_INFO = NO;
				SDKROOT = iphoneos;
				TARGETED_DEVICE_FAMILY = "1,2";
				VALIDATE_PRODUCT = YES;
			};
			name = Release;
		};
		0115BFEE1A85C56500DDF201 /* Debug */ = {
			isa = XCBuildConfiguration;
			buildSettings = {
				ASSETCATALOG_COMPILER_APPICON_NAME = AppIcon;
				INFOPLIST_FILE = Factera/Info.plist;
				LD_RUNPATH_SEARCH_PATHS = "$(inherited) @executable_path/Frameworks";
				PRODUCT_NAME = "$(TARGET_NAME)";
			};
			name = Debug;
		};
		0115BFEF1A85C56500DDF201 /* Release */ = {
			isa = XCBuildConfiguration;
			buildSettings = {
				ASSETCATALOG_COMPILER_APPICON_NAME = AppIcon;
				INFOPLIST_FILE = Factera/Info.plist;
				LD_RUNPATH_SEARCH_PATHS = "$(inherited) @executable_path/Frameworks";
				PRODUCT_NAME = "$(TARGET_NAME)";
			};
			name = Release;
		};
		0115BFF11A85C56500DDF201 /* Debug */ = {
			isa = XCBuildConfiguration;
			buildSettings = {
				BUNDLE_LOADER = "$(TEST_HOST)";
				FRAMEWORK_SEARCH_PATHS = (
					"$(SDKROOT)/Developer/Library/Frameworks",
					"$(inherited)",
				);
				GCC_PREPROCESSOR_DEFINITIONS = (
					"DEBUG=1",
					"$(inherited)",
				);
				INFOPLIST_FILE = FacteraTests/Info.plist;
				LD_RUNPATH_SEARCH_PATHS = "$(inherited) @executable_path/Frameworks @loader_path/Frameworks";
				PRODUCT_NAME = "$(TARGET_NAME)";
				TEST_HOST = "$(BUILT_PRODUCTS_DIR)/Factera.app/Factera";
			};
			name = Debug;
		};
		0115BFF21A85C56500DDF201 /* Release */ = {
			isa = XCBuildConfiguration;
			buildSettings = {
				BUNDLE_LOADER = "$(TEST_HOST)";
				FRAMEWORK_SEARCH_PATHS = (
					"$(SDKROOT)/Developer/Library/Frameworks",
					"$(inherited)",
				);
				INFOPLIST_FILE = FacteraTests/Info.plist;
				LD_RUNPATH_SEARCH_PATHS = "$(inherited) @executable_path/Frameworks @loader_path/Frameworks";
				PRODUCT_NAME = "$(TARGET_NAME)";
				TEST_HOST = "$(BUILT_PRODUCTS_DIR)/Factera.app/Factera";
			};
			name = Release;
		};
/* End XCBuildConfiguration section */

/* Begin XCConfigurationList section */
		0115BFBF1A85C56500DDF201 /* Build configuration list for PBXProject "Factera" */ = {
			isa = XCConfigurationList;
			buildConfigurations = (
				0115BFEB1A85C56500DDF201 /* Debug */,
				0115BFEC1A85C56500DDF201 /* Release */,
			);
			defaultConfigurationIsVisible = 0;
			defaultConfigurationName = Release;
		};
		0115BFED1A85C56500DDF201 /* Build configuration list for PBXNativeTarget "Factera" */ = {
			isa = XCConfigurationList;
			buildConfigurations = (
				0115BFEE1A85C56500DDF201 /* Debug */,
				0115BFEF1A85C56500DDF201 /* Release */,
			);
			defaultConfigurationIsVisible = 0;
		};
		0115BFF01A85C56500DDF201 /* Build configuration list for PBXNativeTarget "FacteraTests" */ = {
			isa = XCConfigurationList;
			buildConfigurations = (
				0115BFF11A85C56500DDF201 /* Debug */,
				0115BFF21A85C56500DDF201 /* Release */,
			);
			defaultConfigurationIsVisible = 0;
		};
/* End XCConfigurationList section */

/* Begin XCVersionGroup section */
		0115BFCE1A85C56500DDF201 /* Factera.xcdatamodeld */ = {
			isa = XCVersionGroup;
			children = (
				0115BFCF1A85C56500DDF201 /* Factera.xcdatamodel */,
			);
			currentVersion = 0115BFCF1A85C56500DDF201 /* Factera.xcdatamodel */;
			path = Factera.xcdatamodeld;
			sourceTree = "<group>";
			versionGroupType = wrapper.xcdatamodel;
		};
/* End XCVersionGroup section */
	};
	rootObject = 0115BFBC1A85C56500DDF201 /* Project object */;
}
